{
  "requires": true,
  "lockfileVersion": 1,
  "dependencies": {
    "@types/chartist": {
      "version": "0.9.46",
      "resolved": "https://registry.npmjs.org/@types/chartist/-/chartist-0.9.46.tgz",
      "integrity": "sha512-p29+DAkJRBVtuiTx5kObF6n/RipOWH0GeWVwYinljrwPMruy7BW+Ms6iHS4vIsHzb9c79x+opon3GJo75rlhcQ=="
    }
  }
}
